{
  "name": "auto-plane",
  "version": "1.0.0",
  "lockfileVersion": 1,
  "requires": true,
  "dependencies": {
    "j5-io-types": {
      "version": "2.4.0",
      "resolved": "https://registry.npmjs.org/j5-io-types/-/j5-io-types-2.4.0.tgz",
      "integrity": "sha512-8S1Bptg9iFvqVQaajO5uRYvt4WW5AzY6BpeVLxVMFhd/2vfQ9gIReuC4bKWVsOO7BbAvNZEwTTERPUqh2E+myg=="
    },
    "raspi": {
      "version": "6.0.1",
      "resolved": "https://registry.npmjs.org/raspi/-/raspi-6.0.1.tgz",
      "integrity": "sha512-vv7P8QgUCC0wjN9aBGi7SKy7LClZSsIMSQyEE+GUVzImbX44OTftj3Vjo+Kbl2d+acmjBNNkEk/jnzXDZMcI5g==",
      "requires": {
        "j5-io-types": "^2.4.0",
        "raspi-board": "^7.0.0"
      }
    },
    "raspi-board": {
      "version": "7.2.0",
      "resolved": "https://registry.npmjs.org/raspi-board/-/raspi-board-7.2.0.tgz",
      "integrity": "sha512-mtHM1/c2VzgCT0HCUHfI0TY74uSlcSpGe+ZKASOuP8ORVv1v4BqrENDz+i1qXbCdq9/HNG0F9SqdSfYBcqXB5Q==",
      "requires": {
        "j5-io-types": "^2.4.0"
      }
    }
  }
}
